{
  "name": "nicolas-goujon",
  "lockfileVersion": 3,
  "requires": true,
  "packages": {
    "": {
      "dependencies": {
        "@emailjs/browser": "^4.4.1",
        "bootstrap-icons": "^1.11.3"
      }
    },
    "node_modules/@emailjs/browser": {
      "version": "4.4.1",
      "resolved": "https://registry.npmjs.org/@emailjs/browser/-/browser-4.4.1.tgz",
      "integrity": "sha512-DGSlP9sPvyFba3to2A50kDtZ+pXVp/0rhmqs2LmbMS3I5J8FSOgLwzY2Xb4qfKlOVHh29EAutLYwe5yuEZmEFg==",
      "license": "BSD-3-Clause",
      "engines": {
        "node": ">=14.0.0"
      }
    },
    "node_modules/bootstrap-icons": {
      "version": "1.11.3",
      "resolved": "https://registry.npmjs.org/bootstrap-icons/-/bootstrap-icons-1.11.3.tgz",
      "integrity": "sha512-+3lpHrCw/it2/7lBL15VR0HEumaBss0+f/Lb6ZvHISn1mlK83jjFpooTLsMWbIjJMDjDjOExMsTxnXSIT4k4ww==",
      "funding": [
        {
          "type": "github",
          "url": "https://github.com/sponsors/twbs"
        },
        {
          "type": "opencollective",
          "url": "https://opencollective.com/bootstrap"
        }
      ],
      "license": "MIT"
    }
  }
}
